
Microsoft Visual Studio Solution File, Format Version 12.00
# Visual Studio 15
VisualStudioVersion = 15.0.27703.2042
MinimumVisualStudioVersion = 10.0.40219.1
Project("{FAE04EC0-301F-11D3-BF4B-00C04F79EFBC}") = "MedicalAppointment.App", "MedicalAppointment.App\MedicalAppointment.App.csproj", "{C0F62B4D-DE78-4632-AA46-588A8558D0F0}"
EndProject
Project("{FAE04EC0-301F-11D3-BF4B-00C04F79EFBC}") = "MedicalAppointment.Common", "MedicalAppointment.Common\MedicalAppointment.Common.csproj", "{F599F665-CA96-4B5B-AE8C-6726F52B44FC}"
EndProject
Global
	GlobalSection(SolutionConfigurationPlatforms) = preSolution
		Debug|Any CPU = Debug|Any CPU
		Release|Any CPU = Release|Any CPU
	EndGlobalSection
	GlobalSection(ProjectConfigurationPlatforms) = postSolution
		{C0F62B4D-DE78-4632-AA46-588A8558D0F0}.Debug|Any CPU.ActiveCfg = Debug|Any CPU
		{C0F62B4D-DE78-4632-AA46-588A8558D0F0}.Debug|Any CPU.Build.0 = Debug|Any CPU
		{C0F62B4D-DE78-4632-AA46-588A8558D0F0}.Release|Any CPU.ActiveCfg = Release|Any CPU
		{C0F62B4D-DE78-4632-AA46-588A8558D0F0}.Release|Any CPU.Build.0 = Release|Any CPU
		{F599F665-CA96-4B5B-AE8C-6726F52B44FC}.Debug|Any CPU.ActiveCfg = Debug|Any CPU
		{F599F665-CA96-4B5B-AE8C-6726F52B44FC}.Debug|Any CPU.Build.0 = Debug|Any CPU
		{F599F665-CA96-4B5B-AE8C-6726F52B44FC}.Release|Any CPU.ActiveCfg = Release|Any CPU
		{F599F665-CA96-4B5B-AE8C-6726F52B44FC}.Release|Any CPU.Build.0 = Release|Any CPU
	EndGlobalSection
	GlobalSection(SolutionProperties) = preSolution
		HideSolutionNode = FALSE
	EndGlobalSection
	GlobalSection(ExtensibilityGlobals) = postSolution
		SolutionGuid = {7B1A4EE5-F335-439C-ACCD-A88F0052EBB6}
	EndGlobalSection
EndGlobal
